github.com/mrGain/Puppy v0.0.0-20241125174050-689a4e266aa5 h1:DEPmn9uJTwVzK4nW8rarvnwG/jrXUxxlGBzUXqykjbI=
github.com/mrGain/Puppy v0.0.0-20241125174050-689a4e266aa5/go.mod h1:ajAWLZ+ISAdO2x8bVYgIjCNiEv4tbnl+TAZ6Tk1HXjE=
github.com/mrGain/dmgmt_dog v0.0.0-20241125172427-6632b73fda55 h1:ntjIxCtwDS9wwiJcO0drP/8+kjShYbtcFvBq5ErL90Y=
github.com/mrGain/dmgmt_dog v0.0.0-20241125172427-6632b73fda55/go.mod h1:/PxhMYguFnsvq8OTm8rC/n4DpTg5WHRD4m1Ozc8wKMY=
